<Solution>
  <Project Path="Mullai.Abstractions/Mullai.Abstractions.csproj" />
  <Project Path="Mullai.Agents/Mullai.Agents.csproj" />
  <Project Path="Mullai.Global.Config/Mullai.Global.Config.csproj" />
  <Project Path="Mullai.Host\Mullai.Host.csproj" />
  <Project Path="Mullai.Memory/Mullai.Memory.csproj" />
  <Project Path="Mullai.Providers/Mullai.Providers.csproj" />
  <Project Path="Mullai.Tools/Mullai.Tools.csproj" />
</Solution>
